
Microsoft Visual Studio Solution File, Format Version 15.00
# Visual Studio 2017
Project("{FAE04EC0-301F-11D3-BF4B-00C04F79EFBC}") = "dotnetapp", "dotnetapp.csproj", "{36CC7FEC-FF61-41DB-9139-73F52142077E}"
EndProject
Project("{FAE04EC0-301F-11D3-BF4B-00C04F79EFBC}") = "dotnetapp-test", "dotnetapp-test\dotnetapp-test.csproj", "{E0D4FA0B-A99F-462A-8E5D-DC348B181F35}"
EndProject
Global
	GlobalSection(SolutionConfigurationPlatforms) = preSolution
		Debug|Any CPU = Debug|Any CPU
		Release|Any CPU = Release|Any CPU
	EndGlobalSection
	GlobalSection(ProjectConfigurationPlatforms) = postSolution
		{36CC7FEC-FF61-41DB-9139-73F52142077E}.Debug|Any CPU.ActiveCfg = Debug|Any CPU
		{36CC7FEC-FF61-41DB-9139-73F52142077E}.Debug|Any CPU.Build.0 = Debug|Any CPU
		{36CC7FEC-FF61-41DB-9139-73F52142077E}.Release|Any CPU.ActiveCfg = Release|Any CPU
		{36CC7FEC-FF61-41DB-9139-73F52142077E}.Release|Any CPU.Build.0 = Release|Any CPU
		{E0D4FA0B-A99F-462A-8E5D-DC348B181F35}.Debug|Any CPU.ActiveCfg = Debug|Any CPU
		{E0D4FA0B-A99F-462A-8E5D-DC348B181F35}.Debug|Any CPU.Build.0 = Debug|Any CPU
		{E0D4FA0B-A99F-462A-8E5D-DC348B181F35}.Release|Any CPU.ActiveCfg = Release|Any CPU
		{E0D4FA0B-A99F-462A-8E5D-DC348B181F35}.Release|Any CPU.Build.0 = Release|Any CPU
	EndGlobalSection
EndGlobal
